<?xml version="1.0" encoding="utf-8"?>
<Project ToolsVersion="4.0" xmlns="http://schemas.microsoft.com/developer/msbuild/2003">
  <ItemGroup>
    <Filter Include="Source Files">
      <UniqueIdentifier>{4FC737F1-C7A5-4376-A066-2A32D752A2FF}</UniqueIdentifier>
      <Extensions>cpp;c;cc;cxx;c++;cppm;ixx;def;odl;idl;hpj;bat;asm;asmx</Extensions>
    </Filter>
    <Filter Include="Header Files">
      <UniqueIdentifier>{93995380-89BD-4b04-88EB-625FBE52EBFB}</UniqueIdentifier>
      <Extensions>h;hh;hpp;hxx;h++;hm;inl;inc;ipp;xsd</Extensions>
    </Filter>
    <Filter Include="Resource Files">
      <UniqueIdentifier>{67DA6AB6-F800-4c08-8B7A-83BB121AAD01}</UniqueIdentifier>
      <Extensions>rc;ico;cur;bmp;dlg;rc2;rct;bin;rgs;gif;jpg;jpeg;jpe;resx;tiff;tif;png;wav;mfcribbon-ms</Extensions>
    </Filter>
  </ItemGroup>
  <ItemGroup>
    <ClCompile Include="src\Armed\core\Application.cpp">
      <Filter>Source Files</Filter>
    </ClCompile>
    <ClCompile Include="src\Armed\core\appWindow.cpp">
      <Filter>Source Files</Filter>
    </ClCompile>
    <ClCompile Include="src\Armed\core\input.cpp">
      <Filter>Source Files</Filter>
    </ClCompile>
    <ClCompile Include="src\Armed\core\layer.cpp">
      <Filter>Source Files</Filter>
    </ClCompile>
    <ClCompile Include="src\Armed\core\layerStack.cpp">
      <Filter>Source Files</Filter>
    </ClCompile>
    <ClCompile Include="src\ArmPCH.cpp">
      <Filter>Source Files</Filter>
    </ClCompile>
  </ItemGroup>
  <ItemGroup>
    <ClInclude Include="src\Armed\core\Application.h">
      <Filter>Header Files</Filter>
    </ClInclude>
    <ClInclude Include="src\Armed\core\appWindow.h">
      <Filter>Header Files</Filter>
    </ClInclude>
    <ClInclude Include="src\Armed\core\entryPoint.h">
      <Filter>Header Files</Filter>
    </ClInclude>
    <ClInclude Include="src\Armed\core\input.h">
      <Filter>Header Files</Filter>
    </ClInclude>
    <ClInclude Include="src\Armed\core\keyCodes.h">
      <Filter>Header Files</Filter>
    </ClInclude>
    <ClInclude Include="src\Armed\core\layer.h">
      <Filter>Header Files</Filter>
    </ClInclude>
    <ClInclude Include="src\Armed\core\layerStack.h">
      <Filter>Header Files</Filter>
    </ClInclude>
    <ClInclude Include="src\Armed\core\mouseCodes.h">
      <Filter>Header Files</Filter>
    </ClInclude>
    <ClInclude Include="src\Armed\event\applicationEvent.h">
      <Filter>Header Files</Filter>
    </ClInclude>
    <ClInclude Include="src\Armed\event\event.h">
      <Filter>Header Files</Filter>
    </ClInclude>
    <ClInclude Include="src\Armed\event\keyEvent.h">
      <Filter>Header Files</Filter>
    </ClInclude>
    <ClInclude Include="src\Armed\event\mouseEvent.h">
      <Filter>Header Files</Filter>
    </ClInclude>
    <ClInclude Include="src\armed.h">
      <Filter>Header Files</Filter>
    </ClInclude>
    <ClInclude Include="src\ArmPCH.h">
      <Filter>Header Files</Filter>
    </ClInclude>
  </ItemGroup>
</Project>